
Microsoft Visual Studio Solution File, Format Version 12.00
# Visual Studio 2013
VisualStudioVersion = 12.0.30723.0
MinimumVisualStudioVersion = 10.0.40219.1
Project("{FAE04EC0-301F-11D3-BF4B-00C04F79EFBC}") = "MonitoringAgent.Console", "MonitoringAgent.Console\MonitoringAgent.Console.csproj", "{B3C1C030-07AC-4AFA-98A9-184108B5FAB1}"
EndProject
Project("{FAE04EC0-301F-11D3-BF4B-00C04F79EFBC}") = "MonitoringAgent.WcfServices", "MonitoringAgent.WcfServices\MonitoringAgent.WcfServices.csproj", "{8EF550E5-C1E3-4DE8-BB30-29BABBCED03E}"
EndProject
Project("{FAE04EC0-301F-11D3-BF4B-00C04F79EFBC}") = "MonitoringAgent.Data", "MonitoringAgent.Data\MonitoringAgent.Data.csproj", "{212CBF33-24EA-447A-8086-6CC2504EE108}"
EndProject
Global
	GlobalSection(SolutionConfigurationPlatforms) = preSolution
		Debug|Any CPU = Debug|Any CPU
		Release|Any CPU = Release|Any CPU
	EndGlobalSection
	GlobalSection(ProjectConfigurationPlatforms) = postSolution
		{B3C1C030-07AC-4AFA-98A9-184108B5FAB1}.Debug|Any CPU.ActiveCfg = Debug|Any CPU
		{B3C1C030-07AC-4AFA-98A9-184108B5FAB1}.Debug|Any CPU.Build.0 = Debug|Any CPU
		{B3C1C030-07AC-4AFA-98A9-184108B5FAB1}.Release|Any CPU.ActiveCfg = Release|Any CPU
		{B3C1C030-07AC-4AFA-98A9-184108B5FAB1}.Release|Any CPU.Build.0 = Release|Any CPU
		{8EF550E5-C1E3-4DE8-BB30-29BABBCED03E}.Debug|Any CPU.ActiveCfg = Debug|Any CPU
		{8EF550E5-C1E3-4DE8-BB30-29BABBCED03E}.Debug|Any CPU.Build.0 = Debug|Any CPU
		{8EF550E5-C1E3-4DE8-BB30-29BABBCED03E}.Release|Any CPU.ActiveCfg = Release|Any CPU
		{8EF550E5-C1E3-4DE8-BB30-29BABBCED03E}.Release|Any CPU.Build.0 = Release|Any CPU
		{212CBF33-24EA-447A-8086-6CC2504EE108}.Debug|Any CPU.ActiveCfg = Debug|Any CPU
		{212CBF33-24EA-447A-8086-6CC2504EE108}.Debug|Any CPU.Build.0 = Debug|Any CPU
		{212CBF33-24EA-447A-8086-6CC2504EE108}.Release|Any CPU.ActiveCfg = Release|Any CPU
		{212CBF33-24EA-447A-8086-6CC2504EE108}.Release|Any CPU.Build.0 = Release|Any CPU
	EndGlobalSection
	GlobalSection(SolutionProperties) = preSolution
		HideSolutionNode = FALSE
	EndGlobalSection
EndGlobal
